
Microsoft Visual Studio Solution File, Format Version 12.00
# Visual Studio Version 17
VisualStudioVersion = 17.10.35013.160
MinimumVisualStudioVersion = 10.0.40219.1
Project("{FAE04EC0-301F-11D3-BF4B-00C04F79EFBC}") = "SoundTest2", "SoundTest2\SoundTest2.csproj", "{DB3E0F71-CC95-493C-AE5D-D4058637C098}"
EndProject
Global
	GlobalSection(SolutionConfigurationPlatforms) = preSolution
		Debug|Any CPU = Debug|Any CPU
		Release|Any CPU = Release|Any CPU
	EndGlobalSection
	GlobalSection(ProjectConfigurationPlatforms) = postSolution
		{DB3E0F71-CC95-493C-AE5D-D4058637C098}.Debug|Any CPU.ActiveCfg = Debug|Any CPU
		{DB3E0F71-CC95-493C-AE5D-D4058637C098}.Debug|Any CPU.Build.0 = Debug|Any CPU
		{DB3E0F71-CC95-493C-AE5D-D4058637C098}.Release|Any CPU.ActiveCfg = Release|Any CPU
		{DB3E0F71-CC95-493C-AE5D-D4058637C098}.Release|Any CPU.Build.0 = Release|Any CPU
	EndGlobalSection
	GlobalSection(SolutionProperties) = preSolution
		HideSolutionNode = FALSE
	EndGlobalSection
	GlobalSection(ExtensibilityGlobals) = postSolution
		SolutionGuid = {BE1A5006-F5D6-4077-83DD-3069C57A2839}
	EndGlobalSection
EndGlobal
